codeberg.org/go-pdf/fpdf v0.12.0 h1:g8E/1VqGqB2lZUUaqQrrTnA0IEJLPTTX1DZ0qS/ZmhU=
codeberg.org/go-pdf/fpdf v0.12.0/go.mod h1:WJNJ2bvCj81rZBdhOf7lKOGoSl+OKMXcIcXqDcP8r5Y=
github.com/yarso-su/nera v0.1.1 h1:m3vx8WStm3KjqppPPdq7pL9H4HKmG4LqphuajDMzUSk=
github.com/yarso-su/nera v0.1.1/go.mod h1:qY1O98SgpmxAeQWEzBn7cCSJIhRsxysfNfQ1t+gjLk8=
